
Microsoft Visual Studio Solution File, Format Version 12.00
# Visual Studio Version 16
VisualStudioVersion = 25.0.1705.6
MinimumVisualStudioVersion = 10.0.40219.1
Project("{FAE04EC0-301F-11D3-BF4B-00C04F79EFBC}") = "api.shop", "api.shop\api.shop.csproj", "{BC0B61EE-B11F-415F-B4AC-6E84F68C8372}"
EndProject
Global
	GlobalSection(SolutionConfigurationPlatforms) = preSolution
		Debug|Any CPU = Debug|Any CPU
		Release|Any CPU = Release|Any CPU
	EndGlobalSection
	GlobalSection(ProjectConfigurationPlatforms) = postSolution
		{BC0B61EE-B11F-415F-B4AC-6E84F68C8372}.Debug|Any CPU.ActiveCfg = Debug|Any CPU
		{BC0B61EE-B11F-415F-B4AC-6E84F68C8372}.Debug|Any CPU.Build.0 = Debug|Any CPU
		{BC0B61EE-B11F-415F-B4AC-6E84F68C8372}.Release|Any CPU.ActiveCfg = Release|Any CPU
		{BC0B61EE-B11F-415F-B4AC-6E84F68C8372}.Release|Any CPU.Build.0 = Release|Any CPU
	EndGlobalSection
	GlobalSection(SolutionProperties) = preSolution
		HideSolutionNode = FALSE
	EndGlobalSection
	GlobalSection(ExtensibilityGlobals) = postSolution
		SolutionGuid = {9A474ED5-84AE-4AA0-B4B6-04990946AF76}
	EndGlobalSection
EndGlobal
